
Microsoft Visual Studio Solution File, Format Version 12.00
# Visual Studio Version 17
VisualStudioVersion = 17.5.002.0
MinimumVisualStudioVersion = 10.0.40219.1
Project("{2150E333-8FDC-42A3-9474-1A3956D46DE8}") = "csharp-prep", "csharp-prep", "{8F39FA6D-4C66-4DE5-851F-56B059449973}"
EndProject
Project("{9A19103F-16F7-4668-BE54-9A1E7A4F7556}") = "Prep1", "csharp-prep\Prep1\Prep1.csproj", "{651A4DDA-1525-4D3C-9279-94D37162422A}"
EndProject
Project("{9A19103F-16F7-4668-BE54-9A1E7A4F7556}") = "Prep2", "csharp-prep\Prep2\Prep2.csproj", "{C47DA228-DD29-4EBD-8378-8FD38F82D61D}"
EndProject
Project("{9A19103F-16F7-4668-BE54-9A1E7A4F7556}") = "Prep3", "csharp-prep\Prep3\Prep3.csproj", "{CD203FD1-AC70-49F7-9A41-B1F32910032C}"
EndProject
Project("{9A19103F-16F7-4668-BE54-9A1E7A4F7556}") = "Prep4", "csharp-prep\Prep4\Prep4.csproj", "{5409F66B-A0CC-40A8-9786-32CA88C158F3}"
EndProject
Project("{9A19103F-16F7-4668-BE54-9A1E7A4F7556}") = "Prep5", "csharp-prep\Prep5\Prep5.csproj", "{0D93DDB5-5614-47C5-ADA9-C7D66E1BED6A}"
EndProject
Project("{2150E333-8FDC-42A3-9474-1A3956D46DE8}") = "final", "final", "{4AB39AF4-94B6-40EF-94D7-BB9894802EA5}"
EndProject
Project("{9A19103F-16F7-4668-BE54-9A1E7A4F7556}") = "FinalProject", "final\FinalProject\FinalProject.csproj", "{E008C517-4E5E-4A09-9A43-B134F3B52C37}"
EndProject
Project("{9A19103F-16F7-4668-BE54-9A1E7A4F7556}") = "Foundation1", "final\Foundation1\Foundation1.csproj", "{59600DFF-25D7-407D-AB52-EEB097E0F23C}"
EndProject
Project("{9A19103F-16F7-4668-BE54-9A1E7A4F7556}") = "Foundation2", "final\Foundation2\Foundation2.csproj", "{513BD2FD-0B40-476C-967A-D0D0DED2AA87}"
EndProject
Project("{9A19103F-16F7-4668-BE54-9A1E7A4F7556}") = "Foundation3", "final\Foundation3\Foundation3.csproj", "{3E4CF8B5-3736-45FF-8C6A-3CB8DDB1C920}"
EndProject
Project("{9A19103F-16F7-4668-BE54-9A1E7A4F7556}") = "Foundation4", "final\Foundation4\Foundation4.csproj", "{016FE2B8-3573-4F52-B9B1-D03F3294D99D}"
EndProject
Project("{2150E333-8FDC-42A3-9474-1A3956D46DE8}") = "prepare", "prepare", "{EF39D7C5-7CEF-4C33-A4D8-19B3D02B9D88}"
EndProject
Project("{9A19103F-16F7-4668-BE54-9A1E7A4F7556}") = "Learning02", "prepare\Learning02\Learning02.csproj", "{03750D12-B072-498F-BF41-946AE4A94389}"
EndProject
Project("{9A19103F-16F7-4668-BE54-9A1E7A4F7556}") = "Learning03", "prepare\Learning03\Learning03.csproj", "{1595A6C4-C26B-48A8-9060-1F2005E3478F}"
EndProject
Project("{9A19103F-16F7-4668-BE54-9A1E7A4F7556}") = "Learning04", "prepare\Learning04\Learning04.csproj", "{BB52E37A-3916-42A8-BBA8-F2F7AEB3B90D}"
EndProject
Project("{9A19103F-16F7-4668-BE54-9A1E7A4F7556}") = "Learning05", "prepare\Learning05\Learning05.csproj", "{2C5AA6FD-6BE7-45E6-9282-682A03988199}"
EndProject
Project("{2150E333-8FDC-42A3-9474-1A3956D46DE8}") = "prove", "prove", "{8714A5C5-313D-4C85-AE84-9D39C6A53AC0}"
EndProject
Project("{9A19103F-16F7-4668-BE54-9A1E7A4F7556}") = "Develop02", "prove\Develop02\Develop02.csproj", "{83A36FCB-2998-4BAB-A273-D25E694A37A3}"
EndProject
Project("{9A19103F-16F7-4668-BE54-9A1E7A4F7556}") = "Develop03", "prove\Develop03\Develop03.csproj", "{F0A730F2-1C92-4175-B928-D7ADA3D1367A}"
EndProject
Project("{9A19103F-16F7-4668-BE54-9A1E7A4F7556}") = "Develop04", "prove\Develop04\Develop04.csproj", "{88DB4BCB-A118-467C-90CF-1C0F00461DF7}"
EndProject
Project("{9A19103F-16F7-4668-BE54-9A1E7A4F7556}") = "Develop05", "prove\Develop05\Develop05.csproj", "{37250DF9-8F93-4475-824C-E045D6A72CAE}"
EndProject
Project("{2150E333-8FDC-42A3-9474-1A3956D46DE8}") = "sandbox", "sandbox", "{68051368-8A4F-4DD2-BBAB-4FAB7E986479}"
EndProject
Project("{9A19103F-16F7-4668-BE54-9A1E7A4F7556}") = "Sandbox", "sandbox\Sandbox\Sandbox.csproj", "{1D78D697-8FDF-434C-8309-730C41D23B49}"
EndProject
Global
	GlobalSection(SolutionConfigurationPlatforms) = preSolution
		Debug|Any CPU = Debug|Any CPU
		Release|Any CPU = Release|Any CPU
	EndGlobalSection
	GlobalSection(ProjectConfigurationPlatforms) = postSolution
		{651A4DDA-1525-4D3C-9279-94D37162422A}.Debug|Any CPU.ActiveCfg = Debug|Any CPU
		{651A4DDA-1525-4D3C-9279-94D37162422A}.Debug|Any CPU.Build.0 = Debug|Any CPU
		{651A4DDA-1525-4D3C-9279-94D37162422A}.Release|Any CPU.ActiveCfg = Release|Any CPU
		{651A4DDA-1525-4D3C-9279-94D37162422A}.Release|Any CPU.Build.0 = Release|Any CPU
		{C47DA228-DD29-4EBD-8378-8FD38F82D61D}.Debug|Any CPU.ActiveCfg = Debug|Any CPU
		{C47DA228-DD29-4EBD-8378-8FD38F82D61D}.Debug|Any CPU.Build.0 = Debug|Any CPU
		{C47DA228-DD29-4EBD-8378-8FD38F82D61D}.Release|Any CPU.ActiveCfg = Release|Any CPU
		{C47DA228-DD29-4EBD-8378-8FD38F82D61D}.Release|Any CPU.Build.0 = Release|Any CPU
		{CD203FD1-AC70-49F7-9A41-B1F32910032C}.Debug|Any CPU.ActiveCfg = Debug|Any CPU
		{CD203FD1-AC70-49F7-9A41-B1F32910032C}.Debug|Any CPU.Build.0 = Debug|Any CPU
		{CD203FD1-AC70-49F7-9A41-B1F32910032C}.Release|Any CPU.ActiveCfg = Release|Any CPU
		{CD203FD1-AC70-49F7-9A41-B1F32910032C}.Release|Any CPU.Build.0 = Release|Any CPU
		{5409F66B-A0CC-40A8-9786-32CA88C158F3}.Debug|Any CPU.ActiveCfg = Debug|Any CPU
		{5409F66B-A0CC-40A8-9786-32CA88C158F3}.Debug|Any CPU.Build.0 = Debug|Any CPU
		{5409F66B-A0CC-40A8-9786-32CA88C158F3}.Release|Any CPU.ActiveCfg = Release|Any CPU
		{5409F66B-A0CC-40A8-9786-32CA88C158F3}.Release|Any CPU.Build.0 = Release|Any CPU
		{0D93DDB5-5614-47C5-ADA9-C7D66E1BED6A}.Debug|Any CPU.ActiveCfg = Debug|Any CPU
		{0D93DDB5-5614-47C5-ADA9-C7D66E1BED6A}.Debug|Any CPU.Build.0 = Debug|Any CPU
		{0D93DDB5-5614-47C5-ADA9-C7D66E1BED6A}.Release|Any CPU.ActiveCfg = Release|Any CPU
		{0D93DDB5-5614-47C5-ADA9-C7D66E1BED6A}.Release|Any CPU.Build.0 = Release|Any CPU
		{E008C517-4E5E-4A09-9A43-B134F3B52C37}.Debug|Any CPU.ActiveCfg = Debug|Any CPU
		{E008C517-4E5E-4A09-9A43-B134F3B52C37}.Debug|Any CPU.Build.0 = Debug|Any CPU
		{E008C517-4E5E-4A09-9A43-B134F3B52C37}.Release|Any CPU.ActiveCfg = Release|Any CPU
		{E008C517-4E5E-4A09-9A43-B134F3B52C37}.Release|Any CPU.Build.0 = Release|Any CPU
		{59600DFF-25D7-407D-AB52-EEB097E0F23C}.Debug|Any CPU.ActiveCfg = Debug|Any CPU
		{59600DFF-25D7-407D-AB52-EEB097E0F23C}.Debug|Any CPU.Build.0 = Debug|Any CPU
		{59600DFF-25D7-407D-AB52-EEB097E0F23C}.Release|Any CPU.ActiveCfg = Release|Any CPU
		{59600DFF-25D7-407D-AB52-EEB097E0F23C}.Release|Any CPU.Build.0 = Release|Any CPU
		{513BD2FD-0B40-476C-967A-D0D0DED2AA87}.Debug|Any CPU.ActiveCfg = Debug|Any CPU
		{513BD2FD-0B40-476C-967A-D0D0DED2AA87}.Debug|Any CPU.Build.0 = Debug|Any CPU
		{513BD2FD-0B40-476C-967A-D0D0DED2AA87}.Release|Any CPU.ActiveCfg = Release|Any CPU
		{513BD2FD-0B40-476C-967A-D0D0DED2AA87}.Release|Any CPU.Build.0 = Release|Any CPU
		{3E4CF8B5-3736-45FF-8C6A-3CB8DDB1C920}.Debug|Any CPU.ActiveCfg = Debug|Any CPU
		{3E4CF8B5-3736-45FF-8C6A-3CB8DDB1C920}.Debug|Any CPU.Build.0 = Debug|Any CPU
		{3E4CF8B5-3736-45FF-8C6A-3CB8DDB1C920}.Release|Any CPU.ActiveCfg = Release|Any CPU
		{3E4CF8B5-3736-45FF-8C6A-3CB8DDB1C920}.Release|Any CPU.Build.0 = Release|Any CPU
		{016FE2B8-3573-4F52-B9B1-D03F3294D99D}.Debug|Any CPU.ActiveCfg = Debug|Any CPU
		{016FE2B8-3573-4F52-B9B1-D03F3294D99D}.Debug|Any CPU.Build.0 = Debug|Any CPU
		{016FE2B8-3573-4F52-B9B1-D03F3294D99D}.Release|Any CPU.ActiveCfg = Release|Any CPU
		{016FE2B8-3573-4F52-B9B1-D03F3294D99D}.Release|Any CPU.Build.0 = Release|Any CPU
		{03750D12-B072-498F-BF41-946AE4A94389}.Debug|Any CPU.ActiveCfg = Debug|Any CPU
		{03750D12-B072-498F-BF41-946AE4A94389}.Debug|Any CPU.Build.0 = Debug|Any CPU
		{03750D12-B072-498F-BF41-946AE4A94389}.Release|Any CPU.ActiveCfg = Release|Any CPU
		{03750D12-B072-498F-BF41-946AE4A94389}.Release|Any CPU.Build.0 = Release|Any CPU
		{1595A6C4-C26B-48A8-9060-1F2005E3478F}.Debug|Any CPU.ActiveCfg = Debug|Any CPU
		{1595A6C4-C26B-48A8-9060-1F2005E3478F}.Debug|Any CPU.Build.0 = Debug|Any CPU
		{1595A6C4-C26B-48A8-9060-1F2005E3478F}.Release|Any CPU.ActiveCfg = Release|Any CPU
		{1595A6C4-C26B-48A8-9060-1F2005E3478F}.Release|Any CPU.Build.0 = Release|Any CPU
		{BB52E37A-3916-42A8-BBA8-F2F7AEB3B90D}.Debug|Any CPU.ActiveCfg = Debug|Any CPU
		{BB52E37A-3916-42A8-BBA8-F2F7AEB3B90D}.Debug|Any CPU.Build.0 = Debug|Any CPU
		{BB52E37A-3916-42A8-BBA8-F2F7AEB3B90D}.Release|Any CPU.ActiveCfg = Release|Any CPU
		{BB52E37A-3916-42A8-BBA8-F2F7AEB3B90D}.Release|Any CPU.Build.0 = Release|Any CPU
		{2C5AA6FD-6BE7-45E6-9282-682A03988199}.Debug|Any CPU.ActiveCfg = Debug|Any CPU
		{2C5AA6FD-6BE7-45E6-9282-682A03988199}.Debug|Any CPU.Build.0 = Debug|Any CPU
		{2C5AA6FD-6BE7-45E6-9282-682A03988199}.Release|Any CPU.ActiveCfg = Release|Any CPU
		{2C5AA6FD-6BE7-45E6-9282-682A03988199}.Release|Any CPU.Build.0 = Release|Any CPU
		{83A36FCB-2998-4BAB-A273-D25E694A37A3}.Debug|Any CPU.ActiveCfg = Debug|Any CPU
		{83A36FCB-2998-4BAB-A273-D25E694A37A3}.Debug|Any CPU.Build.0 = Debug|Any CPU
		{83A36FCB-2998-4BAB-A273-D25E694A37A3}.Release|Any CPU.ActiveCfg = Release|Any CPU
		{83A36FCB-2998-4BAB-A273-D25E694A37A3}.Release|Any CPU.Build.0 = Release|Any CPU
		{F0A730F2-1C92-4175-B928-D7ADA3D1367A}.Debug|Any CPU.ActiveCfg = Debug|Any CPU
		{F0A730F2-1C92-4175-B928-D7ADA3D1367A}.Debug|Any CPU.Build.0 = Debug|Any CPU
		{F0A730F2-1C92-4175-B928-D7ADA3D1367A}.Release|Any CPU.ActiveCfg = Release|Any CPU
		{F0A730F2-1C92-4175-B928-D7ADA3D1367A}.Release|Any CPU.Build.0 = Release|Any CPU
		{88DB4BCB-A118-467C-90CF-1C0F00461DF7}.Debug|Any CPU.ActiveCfg = Debug|Any CPU
		{88DB4BCB-A118-467C-90CF-1C0F00461DF7}.Debug|Any CPU.Build.0 = Debug|Any CPU
		{88DB4BCB-A118-467C-90CF-1C0F00461DF7}.Release|Any CPU.ActiveCfg = Release|Any CPU
		{88DB4BCB-A118-467C-90CF-1C0F00461DF7}.Release|Any CPU.Build.0 = Release|Any CPU
		{37250DF9-8F93-4475-824C-E045D6A72CAE}.Debug|Any CPU.ActiveCfg = Debug|Any CPU
		{37250DF9-8F93-4475-824C-E045D6A72CAE}.Debug|Any CPU.Build.0 = Debug|Any CPU
		{37250DF9-8F93-4475-824C-E045D6A72CAE}.Release|Any CPU.ActiveCfg = Release|Any CPU
		{37250DF9-8F93-4475-824C-E045D6A72CAE}.Release|Any CPU.Build.0 = Release|Any CPU
		{1D78D697-8FDF-434C-8309-730C41D23B49}.Debug|Any CPU.ActiveCfg = Debug|Any CPU
		{1D78D697-8FDF-434C-8309-730C41D23B49}.Debug|Any CPU.Build.0 = Debug|Any CPU
		{1D78D697-8FDF-434C-8309-730C41D23B49}.Release|Any CPU.ActiveCfg = Release|Any CPU
		{1D78D697-8FDF-434C-8309-730C41D23B49}.Release|Any CPU.Build.0 = Release|Any CPU
	EndGlobalSection
	GlobalSection(SolutionProperties) = preSolution
		HideSolutionNode = FALSE
	EndGlobalSection
	GlobalSection(NestedProjects) = preSolution
		{651A4DDA-1525-4D3C-9279-94D37162422A} = {8F39FA6D-4C66-4DE5-851F-56B059449973}
		{C47DA228-DD29-4EBD-8378-8FD38F82D61D} = {8F39FA6D-4C66-4DE5-851F-56B059449973}
		{CD203FD1-AC70-49F7-9A41-B1F32910032C} = {8F39FA6D-4C66-4DE5-851F-56B059449973}
		{5409F66B-A0CC-40A8-9786-32CA88C158F3} = {8F39FA6D-4C66-4DE5-851F-56B059449973}
		{0D93DDB5-5614-47C5-ADA9-C7D66E1BED6A} = {8F39FA6D-4C66-4DE5-851F-56B059449973}
		{E008C517-4E5E-4A09-9A43-B134F3B52C37} = {4AB39AF4-94B6-40EF-94D7-BB9894802EA5}
		{59600DFF-25D7-407D-AB52-EEB097E0F23C} = {4AB39AF4-94B6-40EF-94D7-BB9894802EA5}
		{513BD2FD-0B40-476C-967A-D0D0DED2AA87} = {4AB39AF4-94B6-40EF-94D7-BB9894802EA5}
		{3E4CF8B5-3736-45FF-8C6A-3CB8DDB1C920} = {4AB39AF4-94B6-40EF-94D7-BB9894802EA5}
		{016FE2B8-3573-4F52-B9B1-D03F3294D99D} = {4AB39AF4-94B6-40EF-94D7-BB9894802EA5}
		{03750D12-B072-498F-BF41-946AE4A94389} = {EF39D7C5-7CEF-4C33-A4D8-19B3D02B9D88}
		{1595A6C4-C26B-48A8-9060-1F2005E3478F} = {EF39D7C5-7CEF-4C33-A4D8-19B3D02B9D88}
		{BB52E37A-3916-42A8-BBA8-F2F7AEB3B90D} = {EF39D7C5-7CEF-4C33-A4D8-19B3D02B9D88}
		{2C5AA6FD-6BE7-45E6-9282-682A03988199} = {EF39D7C5-7CEF-4C33-A4D8-19B3D02B9D88}
		{83A36FCB-2998-4BAB-A273-D25E694A37A3} = {8714A5C5-313D-4C85-AE84-9D39C6A53AC0}
		{F0A730F2-1C92-4175-B928-D7ADA3D1367A} = {8714A5C5-313D-4C85-AE84-9D39C6A53AC0}
		{88DB4BCB-A118-467C-90CF-1C0F00461DF7} = {8714A5C5-313D-4C85-AE84-9D39C6A53AC0}
		{37250DF9-8F93-4475-824C-E045D6A72CAE} = {8714A5C5-313D-4C85-AE84-9D39C6A53AC0}
		{1D78D697-8FDF-434C-8309-730C41D23B49} = {68051368-8A4F-4DD2-BBAB-4FAB7E986479}
	EndGlobalSection
	GlobalSection(ExtensibilityGlobals) = postSolution
		SolutionGuid = {8DA09409-2708-4E5A-A10C-E043D68DCC41}
	EndGlobalSection
EndGlobal
